
Microsoft Visual Studio Solution File, Format Version 12.00
# Visual Studio 15
VisualStudioVersion = 15.0.26823.1
MinimumVisualStudioVersion = 10.0.40219.1
Project("{FAE04EC0-301F-11D3-BF4B-00C04F79EFBC}") = "AzureStorageService", "AzureStorageService\AzureStorageService.csproj", "{0BD7CAC8-0211-45DF-B90C-90D9106F10A5}"
EndProject
Project("{FAE04EC0-301F-11D3-BF4B-00C04F79EFBC}") = "AzureStorageService.Test", "AzureStorageService.Test\AzureStorageService.Test.csproj", "{1E8FFCE3-C44C-455F-9491-4BEC88563A44}"
EndProject
Global
	GlobalSection(SolutionConfigurationPlatforms) = preSolution
		Debug|Any CPU = Debug|Any CPU
		Release|Any CPU = Release|Any CPU
	EndGlobalSection
	GlobalSection(ProjectConfigurationPlatforms) = postSolution
		{0BD7CAC8-0211-45DF-B90C-90D9106F10A5}.Debug|Any CPU.ActiveCfg = Debug|Any CPU
		{0BD7CAC8-0211-45DF-B90C-90D9106F10A5}.Debug|Any CPU.Build.0 = Debug|Any CPU
		{0BD7CAC8-0211-45DF-B90C-90D9106F10A5}.Release|Any CPU.ActiveCfg = Release|Any CPU
		{0BD7CAC8-0211-45DF-B90C-90D9106F10A5}.Release|Any CPU.Build.0 = Release|Any CPU
		{1E8FFCE3-C44C-455F-9491-4BEC88563A44}.Debug|Any CPU.ActiveCfg = Debug|Any CPU
		{1E8FFCE3-C44C-455F-9491-4BEC88563A44}.Debug|Any CPU.Build.0 = Debug|Any CPU
		{1E8FFCE3-C44C-455F-9491-4BEC88563A44}.Release|Any CPU.ActiveCfg = Release|Any CPU
		{1E8FFCE3-C44C-455F-9491-4BEC88563A44}.Release|Any CPU.Build.0 = Release|Any CPU
	EndGlobalSection
	GlobalSection(SolutionProperties) = preSolution
		HideSolutionNode = FALSE
	EndGlobalSection
	GlobalSection(ExtensibilityGlobals) = postSolution
		SolutionGuid = {27935A00-33F5-4890-99FE-E578C34A32A8}
	EndGlobalSection
EndGlobal
